<?xml version="1.0" encoding="utf-8"?>
<Project ToolsVersion="4.0" xmlns="http://schemas.microsoft.com/developer/msbuild/2003">
  <ItemGroup>
    <Filter Include="Исходные файлы">
      <UniqueIdentifier>{4FC737F1-C7A5-4376-A066-2A32D752A2FF}</UniqueIdentifier>
      <Extensions>cpp;c;cc;cxx;c++;cppm;ixx;def;odl;idl;hpj;bat;asm;asmx</Extensions>
    </Filter>
    <Filter Include="Файлы заголовков">
      <UniqueIdentifier>{93995380-89BD-4b04-88EB-625FBE52EBFB}</UniqueIdentifier>
      <Extensions>h;hh;hpp;hxx;h++;hm;inl;inc;ipp;xsd</Extensions>
    </Filter>
    <Filter Include="Файлы ресурсов">
      <UniqueIdentifier>{67DA6AB6-F800-4c08-8B7A-83BB121AAD01}</UniqueIdentifier>
      <Extensions>rc;ico;cur;bmp;dlg;rc2;rct;bin;rgs;gif;jpg;jpeg;jpe;resx;tiff;tif;png;wav;mfcribbon-ms</Extensions>
    </Filter>
    <Filter Include="Исходные файлы\AIOpenGL">
      <UniqueIdentifier>{7a858b44-e367-4323-b9e3-06bc05837ec6}</UniqueIdentifier>
    </Filter>
    <Filter Include="Файлы заголовков\AIOpenGL">
      <UniqueIdentifier>{cf22f4f9-35e2-433e-9b88-3463e6b66b5b}</UniqueIdentifier>
    </Filter>
    <Filter Include="Файлы заголовков\AICore">
      <UniqueIdentifier>{f08c4b5c-29cf-46d8-9a7b-31c66d40989c}</UniqueIdentifier>
    </Filter>
    <Filter Include="Исходные файлы\AICore">
      <UniqueIdentifier>{adb3a59a-144b-4756-96df-c1d057785f40}</UniqueIdentifier>
    </Filter>
    <Filter Include="Файлы заголовков\AITextureManagers">
      <UniqueIdentifier>{e10b9277-e660-44ee-935e-4e1a00b6e882}</UniqueIdentifier>
    </Filter>
    <Filter Include="Исходные файлы\AITextureManagers">
      <UniqueIdentifier>{fe1db8ba-9371-4441-9bae-a0a07a6b4556}</UniqueIdentifier>
    </Filter>
  </ItemGroup>
  <ItemGroup>
    <ClCompile Include="Main.cpp">
      <Filter>Исходные файлы</Filter>
    </ClCompile>
    <ClCompile Include="AIPerceptron.cpp">
      <Filter>Исходные файлы</Filter>
    </ClCompile>
    <ClCompile Include="AIMatrix.cpp">
      <Filter>Исходные файлы</Filter>
    </ClCompile>
    <ClCompile Include="AIFunction.cpp">
      <Filter>Исходные файлы</Filter>
    </ClCompile>
    <ClCompile Include="AIOpenGLCore.cpp">
      <Filter>Исходные файлы\AIOpenGL</Filter>
    </ClCompile>
    <ClCompile Include="AIOpenGLIncludes.cpp">
      <Filter>Исходные файлы\AIOpenGL</Filter>
    </ClCompile>
    <ClCompile Include="AINeuralLayer.cpp">
      <Filter>Исходные файлы\AICore</Filter>
    </ClCompile>
    <ClCompile Include="AINeuralOutputLayer.cpp">
      <Filter>Исходные файлы\AICore</Filter>
    </ClCompile>
    <ClCompile Include="AINeuralNet.cpp">
      <Filter>Исходные файлы\AICore</Filter>
    </ClCompile>
    <ClCompile Include="AIOpenGLConvolutionLayer.cpp">
      <Filter>Исходные файлы\AIOpenGL</Filter>
    </ClCompile>
    <ClCompile Include="AIOpenGLTexture.cpp">
      <Filter>Исходные файлы\AIOpenGL</Filter>
    </ClCompile>
    <ClCompile Include="AIOpenGLTexturePool.cpp">
      <Filter>Исходные файлы\AIOpenGL</Filter>
    </ClCompile>
    <ClCompile Include="AIOpenGLBuffer.cpp">
      <Filter>Исходные файлы\AIOpenGL</Filter>
    </ClCompile>
    <ClCompile Include="AIOpenGLBufferPool.cpp">
      <Filter>Исходные файлы\AIOpenGL</Filter>
    </ClCompile>
    <ClCompile Include="AIOpenGLComputeShader.cpp">
      <Filter>Исходные файлы\AIOpenGL</Filter>
    </ClCompile>
    <ClCompile Include="AIOpenGLComputeShaderCollection.cpp">
      <Filter>Исходные файлы\AIOpenGL</Filter>
    </ClCompile>
    <ClCompile Include="AITextureBMP.cpp">
      <Filter>Исходные файлы\AITextureManagers</Filter>
    </ClCompile>
  </ItemGroup>
  <ItemGroup>
    <ClInclude Include="Includes.h">
      <Filter>Файлы заголовков</Filter>
    </ClInclude>
    <ClInclude Include="AIPerceptron.h">
      <Filter>Файлы заголовков</Filter>
    </ClInclude>
    <ClInclude Include="AIMatrix.h">
      <Filter>Файлы заголовков</Filter>
    </ClInclude>
    <ClInclude Include="Main.h">
      <Filter>Файлы заголовков</Filter>
    </ClInclude>
    <ClInclude Include="AIFunction.h">
      <Filter>Файлы заголовков</Filter>
    </ClInclude>
    <ClInclude Include="AIOpenGLCore.h">
      <Filter>Файлы заголовков\AIOpenGL</Filter>
    </ClInclude>
    <ClInclude Include="AIOpenGLIncludes.h">
      <Filter>Файлы заголовков\AIOpenGL</Filter>
    </ClInclude>
    <ClInclude Include="AINeuralLayer.h">
      <Filter>Файлы заголовков\AICore</Filter>
    </ClInclude>
    <ClInclude Include="AINeuralOutputLayer.h">
      <Filter>Файлы заголовков\AICore</Filter>
    </ClInclude>
    <ClInclude Include="AINeuralNet.h">
      <Filter>Файлы заголовков\AICore</Filter>
    </ClInclude>
    <ClInclude Include="AIOpenGLConvolutionLayer.h">
      <Filter>Файлы заголовков\AIOpenGL</Filter>
    </ClInclude>
    <ClInclude Include="AIOpenGLTexture.h">
      <Filter>Файлы заголовков\AIOpenGL</Filter>
    </ClInclude>
    <ClInclude Include="AIOpenGLTexturePool.h">
      <Filter>Файлы заголовков\AIOpenGL</Filter>
    </ClInclude>
    <ClInclude Include="AIOpenGLBuffer.h">
      <Filter>Файлы заголовков\AIOpenGL</Filter>
    </ClInclude>
    <ClInclude Include="AIOpenGLBufferPool.h">
      <Filter>Файлы заголовков\AIOpenGL</Filter>
    </ClInclude>
    <ClInclude Include="AIOpenGLComputeShader.h">
      <Filter>Файлы заголовков\AIOpenGL</Filter>
    </ClInclude>
    <ClInclude Include="AIOpenGLComputeShaderCollection.h">
      <Filter>Файлы заголовков\AIOpenGL</Filter>
    </ClInclude>
    <ClInclude Include="AITextureBMP.h">
      <Filter>Файлы заголовков\AITextureManagers</Filter>
    </ClInclude>
  </ItemGroup>
</Project>